<?xml version="1.0" encoding="utf-8"?>
<Project ToolsVersion="4.0" xmlns="http://schemas.microsoft.com/developer/msbuild/2003">
  <ItemGroup>
    <ClInclude Include="Offsets.h" />
    <ClInclude Include="Hooks.h">
      <Filter>Hooks</Filter>
    </ClInclude>
  </ItemGroup>
  <ItemGroup>
    <ClCompile Include="dllmain.cpp" />
    <ClCompile Include="Hooks.cpp">
      <Filter>Hooks</Filter>
    </ClCompile>
  </ItemGroup>
  <ItemGroup>
    <Filter Include="Hooks">
      <UniqueIdentifier>{faaed321-8e8f-482b-9e54-1bbc65595bd7}</UniqueIdentifier>
    </Filter>
  </ItemGroup>
  <ItemGroup>
    <None Include="RecoilHook.asm">
      <Filter>Hooks</Filter>
    </None>
  </ItemGroup>
</Project>