<?xml version="1.0" encoding="utf-8"?>
<Project ToolsVersion="4.0" xmlns="http://schemas.microsoft.com/developer/msbuild/2003">
  <ItemGroup>
    <Filter Include="ModelLayer">
      <UniqueIdentifier>{9c549d57-b8d8-4738-9d95-1786d4409cff}</UniqueIdentifier>
    </Filter>
    <Filter Include="ControllerLayer">
      <UniqueIdentifier>{7fc1cc9b-815b-4685-9cd4-44497e1af506}</UniqueIdentifier>
    </Filter>
    <Filter Include="ViewLayer">
      <UniqueIdentifier>{77408aff-7fca-4a62-902c-72117b31cd4a}</UniqueIdentifier>
    </Filter>
    <Filter Include="ControllerLayer\Controllers">
      <UniqueIdentifier>{578cd940-e2ac-48be-bcb5-675b02c65858}</UniqueIdentifier>
    </Filter>
    <Filter Include="ControllerLayer\Infrastructure">
      <UniqueIdentifier>{c2b3d93f-9daa-450e-a274-c80c3f903652}</UniqueIdentifier>
    </Filter>
    <Filter Include="ModelLayer\Objects">
      <UniqueIdentifier>{20c86d95-4733-4905-a83e-994d38fe54ed}</UniqueIdentifier>
    </Filter>
    <Filter Include="ModelLayer\Operations">
      <UniqueIdentifier>{17c7b093-cce3-4d32-8f1c-161f9f38b860}</UniqueIdentifier>
    </Filter>
    <Filter Include="ModelLayer\Common">
      <UniqueIdentifier>{3eabd061-4cdf-4148-a573-b926b7606c36}</UniqueIdentifier>
    </Filter>
  </ItemGroup>
  <ItemGroup>
    <ClCompile Include="HookController.cpp">
      <Filter>ControllerLayer\Controllers</Filter>
    </ClCompile>
    <ClCompile Include="ProcessController.cpp">
      <Filter>ControllerLayer\Controllers</Filter>
    </ClCompile>
    <ClCompile Include="VectorModel.cpp">
      <Filter>ModelLayer\Common</Filter>
    </ClCompile>
    <ClCompile Include="ViewUtilities.cpp">
      <Filter>ViewLayer</Filter>
    </ClCompile>
    <ClCompile Include="InjectorController.cpp">
      <Filter>ControllerLayer\Controllers</Filter>
    </ClCompile>
    <ClCompile Include="ControllerBase.cpp">
      <Filter>ControllerLayer\Infrastructure</Filter>
    </ClCompile>
  </ItemGroup>
  <ItemGroup>
    <ClInclude Include="ControllerBase.h">
      <Filter>ControllerLayer\Infrastructure</Filter>
    </ClInclude>
    <ClInclude Include="ControllerState.h">
      <Filter>ControllerLayer\Infrastructure</Filter>
    </ClInclude>
    <ClInclude Include="IController.h">
      <Filter>ControllerLayer\Infrastructure</Filter>
    </ClInclude>
    <ClInclude Include="InjectorController.h">
      <Filter>ControllerLayer\Controllers</Filter>
    </ClInclude>
    <ClInclude Include="HookController.h">
      <Filter>ControllerLayer\Controllers</Filter>
    </ClInclude>
    <ClInclude Include="ProcessController.h">
      <Filter>ControllerLayer\Controllers</Filter>
    </ClInclude>
    <ClInclude Include="ThreadModel.h">
      <Filter>ModelLayer\Objects</Filter>
    </ClInclude>
    <ClInclude Include="SystemModel.h">
      <Filter>ModelLayer\Objects</Filter>
    </ClInclude>
    <ClInclude Include="ProcessModel.h">
      <Filter>ModelLayer\Objects</Filter>
    </ClInclude>
    <ClInclude Include="ModuleModel.h">
      <Filter>ModelLayer\Objects</Filter>
    </ClInclude>
    <ClInclude Include="HandleModel.h">
      <Filter>ModelLayer\Objects</Filter>
    </ClInclude>
    <ClInclude Include="AccessTokenModel.h">
      <Filter>ModelLayer\Objects</Filter>
    </ClInclude>
    <ClInclude Include="InjectorModel.h">
      <Filter>ModelLayer\Operations</Filter>
    </ClInclude>
    <ClInclude Include="HookModel.h">
      <Filter>ModelLayer\Operations</Filter>
    </ClInclude>
    <ClInclude Include="VectorModel.h">
      <Filter>ModelLayer\Common</Filter>
    </ClInclude>
    <ClInclude Include="ViewUtilities.h">
      <Filter>ViewLayer</Filter>
    </ClInclude>
  </ItemGroup>
</Project>