<?xml version="1.0" encoding="utf-8"?>
<Project ToolsVersion="4.0" xmlns="http://schemas.microsoft.com/developer/msbuild/2003">
  <ItemGroup>
    <Filter Include="SDK">
      <UniqueIdentifier>{4FC737F1-C7A5-4376-A066-2A32D752A2FF}</UniqueIdentifier>
      <Extensions>cpp;c;cc;cxx;c++;cppm;ixx;def;odl;idl;hpj;bat;asm;asmx</Extensions>
    </Filter>
    <Filter Include="SDK\UserInterface">
      <UniqueIdentifier>{f542c834-4662-40da-b47d-b135d18bf9a5}</UniqueIdentifier>
    </Filter>
    <Filter Include="SDK\UserInterface\Services">
      <UniqueIdentifier>{34c199a1-6b35-43bc-accf-79196c977a89}</UniqueIdentifier>
    </Filter>
    <Filter Include="SDK\ControllerLayer">
      <UniqueIdentifier>{fa70e3e2-1f89-4c49-85e6-4e7412af775f}</UniqueIdentifier>
    </Filter>
    <Filter Include="SDK\DataProvisionLayer">
      <UniqueIdentifier>{9fee5d13-b8f2-4f0b-8c7e-6b713e4c4f0d}</UniqueIdentifier>
    </Filter>
    <Filter Include="SDK\DataProvisionLayer\Services">
      <UniqueIdentifier>{31d6fc37-0678-4fb1-960a-3b67e74fe44c}</UniqueIdentifier>
    </Filter>
    <Filter Include="SDK\DTObjectLayer">
      <UniqueIdentifier>{65721ce7-6d26-47a2-afb4-8218a8697d5b}</UniqueIdentifier>
    </Filter>
  </ItemGroup>
  <ItemGroup>
    <ClCompile Include="WindowsProvider32.cpp">
      <Filter>SDK\DataProvisionLayer</Filter>
    </ClCompile>
    <ClCompile Include="WindowsProviderNt.cpp">
      <Filter>SDK\DataProvisionLayer</Filter>
    </ClCompile>
    <ClCompile Include="ProcessController.cpp">
      <Filter>SDK\ControllerLayer</Filter>
    </ClCompile>
    <ClCompile Include="MemoryService.cpp">
      <Filter>SDK\DataProvisionLayer\Services</Filter>
    </ClCompile>
    <ClCompile Include="SystemController.cpp">
      <Filter>SDK\ControllerLayer</Filter>
    </ClCompile>
    <ClCompile Include="MathObject.cpp">
      <Filter>SDK\DTObjectLayer</Filter>
    </ClCompile>
    <ClCompile Include="dllmain.cpp">
      <Filter>SDK</Filter>
    </ClCompile>
  </ItemGroup>
  <ItemGroup>
    <ClInclude Include="WindowsProvider32.h">
      <Filter>SDK\DataProvisionLayer</Filter>
    </ClInclude>
    <ClInclude Include="ntdll.h">
      <Filter>SDK</Filter>
    </ClInclude>
    <ClInclude Include="WindowsProviderNt.h">
      <Filter>SDK\DataProvisionLayer</Filter>
    </ClInclude>
    <ClInclude Include="WinUserService.h">
      <Filter>SDK\UserInterface\Services</Filter>
    </ClInclude>
    <ClInclude Include="ProcessController.h">
      <Filter>SDK\ControllerLayer</Filter>
    </ClInclude>
    <ClInclude Include="MemoryService.h">
      <Filter>SDK\DataProvisionLayer\Services</Filter>
    </ClInclude>
    <ClInclude Include="SystemController.h">
      <Filter>SDK\ControllerLayer</Filter>
    </ClInclude>
    <ClInclude Include="MathObject.h">
      <Filter>SDK\DTObjectLayer</Filter>
    </ClInclude>
    <ClInclude Include="WindowsStructures.h">
      <Filter>SDK\DTObjectLayer</Filter>
    </ClInclude>
    <ClInclude Include="C_WindowsStructures.h">
      <Filter>SDK\DTObjectLayer</Filter>
    </ClInclude>
    <ClInclude Include="ControllerState.h">
      <Filter>SDK\ControllerLayer</Filter>
    </ClInclude>
  </ItemGroup>
  <ItemGroup>
    <None Include="WindowsStructures.cd" />
  </ItemGroup>
</Project>